{
  "requires": true,
  "lockfileVersion": 1,
  "dependencies": {
    "classnames": {
      "version": "2.2.6",
      "resolved": "https://registry.npmjs.org/classnames/-/classnames-2.2.6.tgz",
      "integrity": "sha512-JR/iSQOSt+LQIWwrwEzJ9uk0xfN3mTVYMwt1Ir5mUcSN6pU+V4zQFFaJsclJbPuAUQH+yfWef6tm7l1quW3C8Q=="
    },
    "react-dropdown": {
      "version": "1.6.3",
      "resolved": "https://registry.npmjs.org/react-dropdown/-/react-dropdown-1.6.3.tgz",
      "integrity": "sha512-UAcVCsxeIkn5N7xpHr+WHDPbtUO+LsJyGiUT5PsdkVVPDJp9e42oxGICDyjcQ5rWa7DS0ctmn770JcM4gIvTiQ==",
      "requires": {
        "classnames": "^2.2.3"
      }
    }
  }
}
